
Microsoft Visual Studio Solution File, Format Version 12.00
# Visual Studio Version 17
VisualStudioVersion = 17.5.002.0
MinimumVisualStudioVersion = 10.0.40219.1
Project("{2150E333-8FDC-42A3-9474-1A3956D46DE8}") = "ExampleCode", "ExampleCode", "{14E2EE2F-ACF7-45C7-9A10-0A9125E68939}"
EndProject
Project("{2150E333-8FDC-42A3-9474-1A3956D46DE8}") = "C#", "C#", "{E3459243-9ACE-4F44-BECF-2EC17DF21C86}"
EndProject
Project("{9A19103F-16F7-4668-BE54-9A1E7A4F7556}") = "Project1", "ExampleCode\C#\Project1\Project1.csproj", "{5ED25ECE-8844-42D9-BBE2-A59AECDE6541}"
EndProject
Project("{FAE04EC0-301F-11D3-BF4B-00C04F79EFBC}") = "Streaming", "ExampleCode\C#\Streaming\Streaming.csproj", "{D6A81CB9-24E3-4EA9-B3EC-84DBFE886EE7}"
EndProject
Global
	GlobalSection(SolutionConfigurationPlatforms) = preSolution
		Debug|Any CPU = Debug|Any CPU
		Release|Any CPU = Release|Any CPU
	EndGlobalSection
	GlobalSection(ProjectConfigurationPlatforms) = postSolution
		{5ED25ECE-8844-42D9-BBE2-A59AECDE6541}.Debug|Any CPU.ActiveCfg = Debug|Any CPU
		{5ED25ECE-8844-42D9-BBE2-A59AECDE6541}.Debug|Any CPU.Build.0 = Debug|Any CPU
		{5ED25ECE-8844-42D9-BBE2-A59AECDE6541}.Release|Any CPU.ActiveCfg = Release|Any CPU
		{5ED25ECE-8844-42D9-BBE2-A59AECDE6541}.Release|Any CPU.Build.0 = Release|Any CPU
		{D6A81CB9-24E3-4EA9-B3EC-84DBFE886EE7}.Debug|Any CPU.ActiveCfg = Debug|Any CPU
		{D6A81CB9-24E3-4EA9-B3EC-84DBFE886EE7}.Debug|Any CPU.Build.0 = Debug|Any CPU
		{D6A81CB9-24E3-4EA9-B3EC-84DBFE886EE7}.Release|Any CPU.ActiveCfg = Release|Any CPU
		{D6A81CB9-24E3-4EA9-B3EC-84DBFE886EE7}.Release|Any CPU.Build.0 = Release|Any CPU
	EndGlobalSection
	GlobalSection(SolutionProperties) = preSolution
		HideSolutionNode = FALSE
	EndGlobalSection
	GlobalSection(NestedProjects) = preSolution
		{E3459243-9ACE-4F44-BECF-2EC17DF21C86} = {14E2EE2F-ACF7-45C7-9A10-0A9125E68939}
		{5ED25ECE-8844-42D9-BBE2-A59AECDE6541} = {E3459243-9ACE-4F44-BECF-2EC17DF21C86}
		{D6A81CB9-24E3-4EA9-B3EC-84DBFE886EE7} = {E3459243-9ACE-4F44-BECF-2EC17DF21C86}
	EndGlobalSection
	GlobalSection(ExtensibilityGlobals) = postSolution
		SolutionGuid = {78CB23C4-5988-45D2-9034-4DD6FD00FF49}
	EndGlobalSection
EndGlobal
